
Microsoft Visual Studio Solution File, Format Version 12.00
# Visual Studio Version 16
VisualStudioVersion = 16.0.32002.261
MinimumVisualStudioVersion = 10.0.40219.1
Project("{FAE04EC0-301F-11D3-BF4B-00C04F79EFBC}") = "WebApplication_crud", "WebApplication_crud\WebApplication_crud.csproj", "{7B81DD35-4840-4089-9AA0-4E113C2BB1FB}"
EndProject
Global
	GlobalSection(SolutionConfigurationPlatforms) = preSolution
		Debug|Any CPU = Debug|Any CPU
		Release|Any CPU = Release|Any CPU
	EndGlobalSection
	GlobalSection(ProjectConfigurationPlatforms) = postSolution
		{7B81DD35-4840-4089-9AA0-4E113C2BB1FB}.Debug|Any CPU.ActiveCfg = Debug|Any CPU
		{7B81DD35-4840-4089-9AA0-4E113C2BB1FB}.Debug|Any CPU.Build.0 = Debug|Any CPU
		{7B81DD35-4840-4089-9AA0-4E113C2BB1FB}.Release|Any CPU.ActiveCfg = Release|Any CPU
		{7B81DD35-4840-4089-9AA0-4E113C2BB1FB}.Release|Any CPU.Build.0 = Release|Any CPU
	EndGlobalSection
	GlobalSection(SolutionProperties) = preSolution
		HideSolutionNode = FALSE
	EndGlobalSection
	GlobalSection(ExtensibilityGlobals) = postSolution
		SolutionGuid = {1E35F53C-3262-4DBB-A33A-5893EBF5D3B5}
	EndGlobalSection
EndGlobal
